
Microsoft Visual Studio Solution File, Format Version 12.00
# Visual Studio Version 16
VisualStudioVersion = 16.0.31424.327
MinimumVisualStudioVersion = 10.0.40219.1
Project("{FAE04EC0-301F-11D3-BF4B-00C04F79EFBC}") = "SCA_Tool", "SCA_Tool\SCA_Tool.csproj", "{5F6BEA17-2774-42F6-BAA4-4DC309F32590}"
EndProject
Global
	GlobalSection(SolutionConfigurationPlatforms) = preSolution
		Debug|Any CPU = Debug|Any CPU
		Release|Any CPU = Release|Any CPU
	EndGlobalSection
	GlobalSection(ProjectConfigurationPlatforms) = postSolution
		{5F6BEA17-2774-42F6-BAA4-4DC309F32590}.Debug|Any CPU.ActiveCfg = Debug|Any CPU
		{5F6BEA17-2774-42F6-BAA4-4DC309F32590}.Debug|Any CPU.Build.0 = Debug|Any CPU
		{5F6BEA17-2774-42F6-BAA4-4DC309F32590}.Release|Any CPU.ActiveCfg = Release|Any CPU
		{5F6BEA17-2774-42F6-BAA4-4DC309F32590}.Release|Any CPU.Build.0 = Release|Any CPU
	EndGlobalSection
	GlobalSection(SolutionProperties) = preSolution
		HideSolutionNode = FALSE
	EndGlobalSection
	GlobalSection(ExtensibilityGlobals) = postSolution
		SolutionGuid = {3D767BCF-24E0-4369-86DE-3E043C0A8A32}
	EndGlobalSection
EndGlobal
